
Microsoft Visual Studio Solution File, Format Version 12.00
# Visual Studio Version 17
VisualStudioVersion = 17.6.33815.320
MinimumVisualStudioVersion = 10.0.40219.1
Project("{FAE04EC0-301F-11D3-BF4B-00C04F79EFBC}") = "SecimSistemi", "SecimSistemi\SecimSistemi.csproj", "{2EE4C85A-2155-4319-AD27-9A0C003E61DC}"
EndProject
Global
	GlobalSection(SolutionConfigurationPlatforms) = preSolution
		Debug|Any CPU = Debug|Any CPU
		Release|Any CPU = Release|Any CPU
	EndGlobalSection
	GlobalSection(ProjectConfigurationPlatforms) = postSolution
		{2EE4C85A-2155-4319-AD27-9A0C003E61DC}.Debug|Any CPU.ActiveCfg = Debug|Any CPU
		{2EE4C85A-2155-4319-AD27-9A0C003E61DC}.Debug|Any CPU.Build.0 = Debug|Any CPU
		{2EE4C85A-2155-4319-AD27-9A0C003E61DC}.Release|Any CPU.ActiveCfg = Release|Any CPU
		{2EE4C85A-2155-4319-AD27-9A0C003E61DC}.Release|Any CPU.Build.0 = Release|Any CPU
	EndGlobalSection
	GlobalSection(SolutionProperties) = preSolution
		HideSolutionNode = FALSE
	EndGlobalSection
	GlobalSection(ExtensibilityGlobals) = postSolution
		SolutionGuid = {15A4FE76-5DE3-47A7-BE32-60C1704A74CB}
	EndGlobalSection
EndGlobal
